// !$*UTF8*$!
{
	archiveVersion = 1;
	classes = {
	};
	objectVersion = 48;
	objects = {

/* Begin PBXBuildFile section */
		2ACDCF880765D908274A7C31 /* Pods_Social_App.framework in Frameworks */ = {isa = PBXBuildFile; fileRef = E2E9F6FC3EF8E845E15DAC30 /* Pods_Social_App.framework */; };
		7B33754E202DD29900C91E5D /* AppDelegate.swift in Sources */ = {isa = PBXBuildFile; fileRef = 7B33754D202DD29900C91E5D /* AppDelegate.swift */; };
		7B337550202DD29900C91E5D /* LoginViewController.swift in Sources */ = {isa = PBXBuildFile; fileRef = 7B33754F202DD29900C91E5D /* LoginViewController.swift */; };
		7B337553202DD29900C91E5D /* Main.storyboard in Resources */ = {isa = PBXBuildFile; fileRef = 7B337551202DD29900C91E5D /* Main.storyboard */; };
		7B337555202DD29900C91E5D /* Assets.xcassets in Resources */ = {isa = PBXBuildFile; fileRef = 7B337554202DD29900C91E5D /* Assets.xcassets */; };
		7B337558202DD29900C91E5D /* LaunchScreen.storyboard in Resources */ = {isa = PBXBuildFile; fileRef = 7B337556202DD29900C91E5D /* LaunchScreen.storyboard */; };
		7B337560202DD37000C91E5D /* GoogleService-Info.plist in Resources */ = {isa = PBXBuildFile; fileRef = 7B33755F202DD37000C91E5D /* GoogleService-Info.plist */; };
		7B598C4E2038CD92003B3563 /* FBSDKLoginKit.framework in Frameworks */ = {isa = PBXBuildFile; fileRef = 7B598C4B2038CD90003B3563 /* FBSDKLoginKit.framework */; };
		7B598C4F2038CD92003B3563 /* Bolts.framework in Frameworks */ = {isa = PBXBuildFile; fileRef = 7B598C4C2038CD90003B3563 /* Bolts.framework */; };
		7B598C502038CD92003B3563 /* FBSDKCoreKit.framework in Frameworks */ = {isa = PBXBuildFile; fileRef = 7B598C4D2038CD91003B3563 /* FBSDKCoreKit.framework */; };
		7B85245320346F7700A8CF48 /* FancyView.swift in Sources */ = {isa = PBXBuildFile; fileRef = 7B85245220346F7700A8CF48 /* FancyView.swift */; };
		7B8524552034700200A8CF48 /* Constants.swift in Sources */ = {isa = PBXBuildFile; fileRef = 7B8524542034700200A8CF48 /* Constants.swift */; };
		7BE639AD20421DA900A60B72 /* FeedViewController.swift in Sources */ = {isa = PBXBuildFile; fileRef = 7BE639AC20421DA900A60B72 /* FeedViewController.swift */; };
		7BEEE5362035BC9600CA54E2 /* RoundBtnView.swift in Sources */ = {isa = PBXBuildFile; fileRef = 7BEEE5352035BC9600CA54E2 /* RoundBtnView.swift */; };
		7BEEE5382035BE8600CA54E2 /* FancyTextFieldView.swift in Sources */ = {isa = PBXBuildFile; fileRef = 7BEEE5372035BE8600CA54E2 /* FancyTextFieldView.swift */; };
/* End PBXBuildFile section */

/* Begin PBXFileReference section */
		3F69F58A2C310C859A053330 /* Pods-Social App.debug.xcconfig */ = {isa = PBXFileReference; includeInIndex = 1; lastKnownFileType = text.xcconfig; name = "Pods-Social App.debug.xcconfig"; path = "Pods/Target Support Files/Pods-Social App/Pods-Social App.debug.xcconfig"; sourceTree = "<group>"; };
		72D277AB898FD6EB862B6B25 /* Pods-Social App.release.xcconfig */ = {isa = PBXFileReference; includeInIndex = 1; lastKnownFileType = text.xcconfig; name = "Pods-Social App.release.xcconfig"; path = "Pods/Target Support Files/Pods-Social App/Pods-Social App.release.xcconfig"; sourceTree = "<group>"; };
		7B33754A202DD29900C91E5D /* Social App.app */ = {isa = PBXFileReference; explicitFileType = wrapper.application; includeInIndex = 0; path = "Social App.app"; sourceTree = BUILT_PRODUCTS_DIR; };
		7B33754D202DD29900C91E5D /* AppDelegate.swift */ = {isa = PBXFileReference; lastKnownFileType = sourcecode.swift; path = AppDelegate.swift; sourceTree = "<group>"; };
		7B33754F202DD29900C91E5D /* LoginViewController.swift */ = {isa = PBXFileReference; lastKnownFileType = sourcecode.swift; path = LoginViewController.swift; sourceTree = "<group>"; };
		7B337552202DD29900C91E5D /* Base */ = {isa = PBXFileReference; lastKnownFileType = file.storyboard; name = Base; path = Base.lproj/Main.storyboard; sourceTree = "<group>"; };
		7B337554202DD29900C91E5D /* Assets.xcassets */ = {isa = PBXFileReference; lastKnownFileType = folder.assetcatalog; path = Assets.xcassets; sourceTree = "<group>"; };
		7B337557202DD29900C91E5D /* Base */ = {isa = PBXFileReference; lastKnownFileType = file.storyboard; name = Base; path = Base.lproj/LaunchScreen.storyboard; sourceTree = "<group>"; };
		7B337559202DD29900C91E5D /* Info.plist */ = {isa = PBXFileReference; lastKnownFileType = text.plist.xml; path = Info.plist; sourceTree = "<group>"; };
		7B33755F202DD37000C91E5D /* GoogleService-Info.plist */ = {isa = PBXFileReference; fileEncoding = 4; lastKnownFileType = text.plist.xml; path = "GoogleService-Info.plist"; sourceTree = "<group>"; };
		7B598C4B2038CD90003B3563 /* FBSDKLoginKit.framework */ = {isa = PBXFileReference; lastKnownFileType = wrapper.framework; path = FBSDKLoginKit.framework; sourceTree = "<group>"; };
		7B598C4C2038CD90003B3563 /* Bolts.framework */ = {isa = PBXFileReference; lastKnownFileType = wrapper.framework; path = Bolts.framework; sourceTree = "<group>"; };
		7B598C4D2038CD91003B3563 /* FBSDKCoreKit.framework */ = {isa = PBXFileReference; lastKnownFileType = wrapper.framework; path = FBSDKCoreKit.framework; sourceTree = "<group>"; };
		7B85245220346F7700A8CF48 /* FancyView.swift */ = {isa = PBXFileReference; lastKnownFileType = sourcecode.swift; path = FancyView.swift; sourceTree = "<group>"; };
		7B8524542034700200A8CF48 /* Constants.swift */ = {isa = PBXFileReference; lastKnownFileType = sourcecode.swift; path = Constants.swift; sourceTree = "<group>"; };
		7BE639AC20421DA900A60B72 /* FeedViewController.swift */ = {isa = PBXFileReference; lastKnownFileType = sourcecode.swift; path = FeedViewController.swift; sourceTree = "<group>"; };
		7BEEE5352035BC9600CA54E2 /* RoundBtnView.swift */ = {isa = PBXFileReference; lastKnownFileType = sourcecode.swift; path = RoundBtnView.swift; sourceTree = "<group>"; };
		7BEEE5372035BE8600CA54E2 /* FancyTextFieldView.swift */ = {isa = PBXFileReference; lastKnownFileType = sourcecode.swift; path = FancyTextFieldView.swift; sourceTree = "<group>"; };
		E2E9F6FC3EF8E845E15DAC30 /* Pods_Social_App.framework */ = {isa = PBXFileReference; explicitFileType = wrapper.framework; includeInIndex = 0; path = Pods_Social_App.framework; sourceTree = BUILT_PRODUCTS_DIR; };
/* End PBXFileReference section */

/* Begin PBXFrameworksBuildPhase section */
		7B337547202DD29900C91E5D /* Frameworks */ = {
			isa = PBXFrameworksBuildPhase;
			buildActionMask = 2147483647;
			files = (
				7B598C4F2038CD92003B3563 /* Bolts.framework in Frameworks */,
				7B598C502038CD92003B3563 /* FBSDKCoreKit.framework in Frameworks */,
				7B598C4E2038CD92003B3563 /* FBSDKLoginKit.framework in Frameworks */,
				2ACDCF880765D908274A7C31 /* Pods_Social_App.framework in Frameworks */,
			);
			runOnlyForDeploymentPostprocessing = 0;
		};
/* End PBXFrameworksBuildPhase section */

/* Begin PBXGroup section */
		5C9B27A1B0AE538C85B02D11 /* Pods */ = {
			isa = PBXGroup;
			children = (
				3F69F58A2C310C859A053330 /* Pods-Social App.debug.xcconfig */,
				72D277AB898FD6EB862B6B25 /* Pods-Social App.release.xcconfig */,
			);
			name = Pods;
			sourceTree = "<group>";
		};
		64B88CE9B3D0E087B51DA038 /* Frameworks */ = {
			isa = PBXGroup;
			children = (
				7B598C4C2038CD90003B3563 /* Bolts.framework */,
				7B598C4D2038CD91003B3563 /* FBSDKCoreKit.framework */,
				7B598C4B2038CD90003B3563 /* FBSDKLoginKit.framework */,
				E2E9F6FC3EF8E845E15DAC30 /* Pods_Social_App.framework */,
			);
			name = Frameworks;
			sourceTree = "<group>";
		};
		7B337541202DD29900C91E5D = {
			isa = PBXGroup;
			children = (
				7B33754C202DD29900C91E5D /* Social App */,
				7B33754B202DD29900C91E5D /* Products */,
				5C9B27A1B0AE538C85B02D11 /* Pods */,
				64B88CE9B3D0E087B51DA038 /* Frameworks */,
			);
			sourceTree = "<group>";
		};
		7B33754B202DD29900C91E5D /* Products */ = {
			isa = PBXGroup;
			children = (
				7B33754A202DD29900C91E5D /* Social App.app */,
			);
			name = Products;
			sourceTree = "<group>";
		};
		7B33754C202DD29900C91E5D /* Social App */ = {
			isa = PBXGroup;
			children = (
				7B85244F20346D7700A8CF48 /* Util */,
				7B85245120346D8B00A8CF48 /* Model */,
				7B85245020346D8100A8CF48 /* Views */,
				7B337561202DDAB300C91E5D /* Controller */,
				7B33754D202DD29900C91E5D /* AppDelegate.swift */,
				7B337551202DD29900C91E5D /* Main.storyboard */,
				7B337554202DD29900C91E5D /* Assets.xcassets */,
				7B337556202DD29900C91E5D /* LaunchScreen.storyboard */,
				7B337559202DD29900C91E5D /* Info.plist */,
				7B33755F202DD37000C91E5D /* GoogleService-Info.plist */,
			);
			path = "Social App";
			sourceTree = "<group>";
		};
		7B337561202DDAB300C91E5D /* Controller */ = {
			isa = PBXGroup;
			children = (
				7B33754F202DD29900C91E5D /* LoginViewController.swift */,
				7BE639AC20421DA900A60B72 /* FeedViewController.swift */,
			);
			path = Controller;
			sourceTree = "<group>";
		};
		7B85244F20346D7700A8CF48 /* Util */ = {
			isa = PBXGroup;
			children = (
				7B8524542034700200A8CF48 /* Constants.swift */,
			);
			path = Util;
			sourceTree = "<group>";
		};
		7B85245020346D8100A8CF48 /* Views */ = {
			isa = PBXGroup;
			children = (
				7B85245220346F7700A8CF48 /* FancyView.swift */,
				7BEEE5352035BC9600CA54E2 /* RoundBtnView.swift */,
				7BEEE5372035BE8600CA54E2 /* FancyTextFieldView.swift */,
			);
			path = Views;
			sourceTree = "<group>";
		};
		7B85245120346D8B00A8CF48 /* Model */ = {
			isa = PBXGroup;
			children = (
			);
			path = Model;
			sourceTree = "<group>";
		};
/* End PBXGroup section */

/* Begin PBXNativeTarget section */
		7B337549202DD29900C91E5D /* Social App */ = {
			isa = PBXNativeTarget;
			buildConfigurationList = 7B33755C202DD29900C91E5D /* Build configuration list for PBXNativeTarget "Social App" */;
			buildPhases = (
				DEC8E12AAB5D230644006B43 /* [CP] Check Pods Manifest.lock */,
				7B337546202DD29900C91E5D /* Sources */,
				7B337547202DD29900C91E5D /* Frameworks */,
				7B337548202DD29900C91E5D /* Resources */,
				C70EE8C7382FCE003D39A0E9 /* [CP] Embed Pods Frameworks */,
				2D4EE51C01591DF53E652753 /* [CP] Copy Pods Resources */,
			);
			buildRules = (
			);
			dependencies = (
			);
			name = "Social App";
			productName = "Social App";
			productReference = 7B33754A202DD29900C91E5D /* Social App.app */;
			productType = "com.apple.product-type.application";
		};
/* End PBXNativeTarget section */

/* Begin PBXProject section */
		7B337542202DD29900C91E5D /* Project object */ = {
			isa = PBXProject;
			attributes = {
				LastSwiftUpdateCheck = 0910;
				LastUpgradeCheck = 0910;
				ORGANIZATIONNAME = "Octave Muhirwa";
				TargetAttributes = {
					7B337549202DD29900C91E5D = {
						CreatedOnToolsVersion = 9.1;
						ProvisioningStyle = Automatic;
					};
				};
			};
			buildConfigurationList = 7B337545202DD29900C91E5D /* Build configuration list for PBXProject "Social App" */;
			compatibilityVersion = "Xcode 8.0";
			developmentRegion = en;
			hasScannedForEncodings = 0;
			knownRegions = (
				en,
				Base,
			);
			mainGroup = 7B337541202DD29900C91E5D;
			productRefGroup = 7B33754B202DD29900C91E5D /* Products */;
			projectDirPath = "";
			projectRoot = "";
			targets = (
				7B337549202DD29900C91E5D /* Social App */,
			);
		};
/* End PBXProject section */

/* Begin PBXResourcesBuildPhase section */
		7B337548202DD29900C91E5D /* Resources */ = {
			isa = PBXResourcesBuildPhase;
			buildActionMask = 2147483647;
			files = (
				7B337558202DD29900C91E5D /* LaunchScreen.storyboard in Resources */,
				7B337560202DD37000C91E5D /* GoogleService-Info.plist in Resources */,
				7B337555202DD29900C91E5D /* Assets.xcassets in Resources */,
				7B337553202DD29900C91E5D /* Main.storyboard in Resources */,
			);
			runOnlyForDeploymentPostprocessing = 0;
		};
/* End PBXResourcesBuildPhase section */

/* Begin PBXShellScriptBuildPhase section */
		2D4EE51C01591DF53E652753 /* [CP] Copy Pods Resources */ = {
			isa = PBXShellScriptBuildPhase;
			buildActionMask = 2147483647;
			files = (
			);
			inputPaths = (
			);
			name = "[CP] Copy Pods Resources";
			outputPaths = (
			);
			runOnlyForDeploymentPostprocessing = 0;
			shellPath = /bin/sh;
			shellScript = "\"${SRCROOT}/Pods/Target Support Files/Pods-Social App/Pods-Social App-resources.sh\"\n";
			showEnvVarsInLog = 0;
		};
		C70EE8C7382FCE003D39A0E9 /* [CP] Embed Pods Frameworks */ = {
			isa = PBXShellScriptBuildPhase;
			buildActionMask = 2147483647;
			files = (
			);
			inputPaths = (
				"${SRCROOT}/Pods/Target Support Files/Pods-Social App/Pods-Social App-frameworks.sh",
				"${BUILT_PRODUCTS_DIR}/GTMSessionFetcher/GTMSessionFetcher.framework",
				"${BUILT_PRODUCTS_DIR}/GoogleToolboxForMac/GoogleToolboxForMac.framework",
				"${BUILT_PRODUCTS_DIR}/SwiftKeychainWrapper/SwiftKeychainWrapper.framework",
				"${BUILT_PRODUCTS_DIR}/leveldb-library/leveldb.framework",
				"${BUILT_PRODUCTS_DIR}/nanopb/nanopb.framework",
			);
			name = "[CP] Embed Pods Frameworks";
			outputPaths = (
				"${TARGET_BUILD_DIR}/${FRAMEWORKS_FOLDER_PATH}/GTMSessionFetcher.framework",
				"${TARGET_BUILD_DIR}/${FRAMEWORKS_FOLDER_PATH}/GoogleToolboxForMac.framework",
				"${TARGET_BUILD_DIR}/${FRAMEWORKS_FOLDER_PATH}/SwiftKeychainWrapper.framework",
				"${TARGET_BUILD_DIR}/${FRAMEWORKS_FOLDER_PATH}/leveldb.framework",
				"${TARGET_BUILD_DIR}/${FRAMEWORKS_FOLDER_PATH}/nanopb.framework",
			);
			runOnlyForDeploymentPostprocessing = 0;
			shellPath = /bin/sh;
			shellScript = "\"${SRCROOT}/Pods/Target Support Files/Pods-Social App/Pods-Social App-frameworks.sh\"\n";
			showEnvVarsInLog = 0;
		};
		DEC8E12AAB5D230644006B43 /* [CP] Check Pods Manifest.lock */ = {
			isa = PBXShellScriptBuildPhase;
			buildActionMask = 2147483647;
			files = (
			);
			inputPaths = (
				"${PODS_PODFILE_DIR_PATH}/Podfile.lock",
				"${PODS_ROOT}/Manifest.lock",
			);
			name = "[CP] Check Pods Manifest.lock";
			outputPaths = (
				"$(DERIVED_FILE_DIR)/Pods-Social App-checkManifestLockResult.txt",
			);
			runOnlyForDeploymentPostprocessing = 0;
			shellPath = /bin/sh;
			shellScript = "diff \"${PODS_PODFILE_DIR_PATH}/Podfile.lock\" \"${PODS_ROOT}/Manifest.lock\" > /dev/null\nif [ $? != 0 ] ; then\n    # print error to STDERR\n    echo \"error: The sandbox is not in sync with the Podfile.lock. Run 'pod install' or update your CocoaPods installation.\" >&2\n    exit 1\nfi\n# This output is used by Xcode 'outputs' to avoid re-running this script phase.\necho \"SUCCESS\" > \"${SCRIPT_OUTPUT_FILE_0}\"\n";
			showEnvVarsInLog = 0;
		};
/* End PBXShellScriptBuildPhase section */

/* Begin PBXSourcesBuildPhase section */
		7B337546202DD29900C91E5D /* Sources */ = {
			isa = PBXSourcesBuildPhase;
			buildActionMask = 2147483647;
			files = (
				7B337550202DD29900C91E5D /* LoginViewController.swift in Sources */,
				7BEEE5362035BC9600CA54E2 /* RoundBtnView.swift in Sources */,
				7BEEE5382035BE8600CA54E2 /* FancyTextFieldView.swift in Sources */,
				7B33754E202DD29900C91E5D /* AppDelegate.swift in Sources */,
				7B85245320346F7700A8CF48 /* FancyView.swift in Sources */,
				7B8524552034700200A8CF48 /* Constants.swift in Sources */,
				7BE639AD20421DA900A60B72 /* FeedViewController.swift in Sources */,
			);
			runOnlyForDeploymentPostprocessing = 0;
		};
/* End PBXSourcesBuildPhase section */

/* Begin PBXVariantGroup section */
		7B337551202DD29900C91E5D /* Main.storyboard */ = {
			isa = PBXVariantGroup;
			children = (
				7B337552202DD29900C91E5D /* Base */,
			);
			name = Main.storyboard;
			sourceTree = "<group>";
		};
		7B337556202DD29900C91E5D /* LaunchScreen.storyboard */ = {
			isa = PBXVariantGroup;
			children = (
				7B337557202DD29900C91E5D /* Base */,
			);
			name = LaunchScreen.storyboard;
			sourceTree = "<group>";
		};
/* End PBXVariantGroup section */

/* Begin XCBuildConfiguration section */
		7B33755A202DD29900C91E5D /* Debug */ = {
			isa = XCBuildConfiguration;
			buildSettings = {
				ALWAYS_SEARCH_USER_PATHS = NO;
				CLANG_ANALYZER_NONNULL = YES;
				CLANG_ANALYZER_NUMBER_OBJECT_CONVERSION = YES_AGGRESSIVE;
				CLANG_CXX_LANGUAGE_STANDARD = "gnu++14";
				CLANG_CXX_LIBRARY = "libc++";
				CLANG_ENABLE_MODULES = YES;
				CLANG_ENABLE_OBJC_ARC = YES;
				CLANG_WARN_BLOCK_CAPTURE_AUTORELEASING = YES;
				CLANG_WARN_BOOL_CONVERSION = YES;
				CLANG_WARN_COMMA = YES;
				CLANG_WARN_CONSTANT_CONVERSION = YES;
				CLANG_WARN_DIRECT_OBJC_ISA_USAGE = YES_ERROR;
				CLANG_WARN_DOCUMENTATION_COMMENTS = YES;
				CLANG_WARN_EMPTY_BODY = YES;
				CLANG_WARN_ENUM_CONVERSION = YES;
				CLANG_WARN_INFINITE_RECURSION = YES;
				CLANG_WARN_INT_CONVERSION = YES;
				CLANG_WARN_NON_LITERAL_NULL_CONVERSION = YES;
				CLANG_WARN_OBJC_LITERAL_CONVERSION = YES;
				CLANG_WARN_OBJC_ROOT_CLASS = YES_ERROR;
				CLANG_WARN_RANGE_LOOP_ANALYSIS = YES;
				CLANG_WARN_STRICT_PROTOTYPES = YES;
				CLANG_WARN_SUSPICIOUS_MOVE = YES;
				CLANG_WARN_UNGUARDED_AVAILABILITY = YES_AGGRESSIVE;
				CLANG_WARN_UNREACHABLE_CODE = YES;
				CLANG_WARN__DUPLICATE_METHOD_MATCH = YES;
				CODE_SIGN_IDENTITY = "iPhone Developer";
				COPY_PHASE_STRIP = NO;
				DEBUG_INFORMATION_FORMAT = dwarf;
				ENABLE_STRICT_OBJC_MSGSEND = YES;
				ENABLE_TESTABILITY = YES;
				GCC_C_LANGUAGE_STANDARD = gnu11;
				GCC_DYNAMIC_NO_PIC = NO;
				GCC_NO_COMMON_BLOCKS = YES;
				GCC_OPTIMIZATION_LEVEL = 0;
				GCC_PREPROCESSOR_DEFINITIONS = (
					"DEBUG=1",
					"$(inherited)",
				);
				GCC_WARN_64_TO_32_BIT_CONVERSION = YES;
				GCC_WARN_ABOUT_RETURN_TYPE = YES_ERROR;
				GCC_WARN_UNDECLARED_SELECTOR = YES;
				GCC_WARN_UNINITIALIZED_AUTOS = YES_AGGRESSIVE;
				GCC_WARN_UNUSED_FUNCTION = YES;
				GCC_WARN_UNUSED_VARIABLE = YES;
				IPHONEOS_DEPLOYMENT_TARGET = 11.1;
				MTL_ENABLE_DEBUG_INFO = YES;
				ONLY_ACTIVE_ARCH = YES;
				SDKROOT = iphoneos;
				SWIFT_ACTIVE_COMPILATION_CONDITIONS = DEBUG;
				SWIFT_OPTIMIZATION_LEVEL = "-Onone";
			};
			name = Debug;
		};
		7B33755B202DD29900C91E5D /* Release */ = {
			isa = XCBuildConfiguration;
			buildSettings = {
				ALWAYS_SEARCH_USER_PATHS = NO;
				CLANG_ANALYZER_NONNULL = YES;
				CLANG_ANALYZER_NUMBER_OBJECT_CONVERSION = YES_AGGRESSIVE;
				CLANG_CXX_LANGUAGE_STANDARD = "gnu++14";
				CLANG_CXX_LIBRARY = "libc++";
				CLANG_ENABLE_MODULES = YES;
				CLANG_ENABLE_OBJC_ARC = YES;
				CLANG_WARN_BLOCK_CAPTURE_AUTORELEASING = YES;
				CLANG_WARN_BOOL_CONVERSION = YES;
				CLANG_WARN_COMMA = YES;
				CLANG_WARN_CONSTANT_CONVERSION = YES;
				CLANG_WARN_DIRECT_OBJC_ISA_USAGE = YES_ERROR;
				CLANG_WARN_DOCUMENTATION_COMMENTS = YES;
				CLANG_WARN_EMPTY_BODY = YES;
				CLANG_WARN_ENUM_CONVERSION = YES;
				CLANG_WARN_INFINITE_RECURSION = YES;
				CLANG_WARN_INT_CONVERSION = YES;
				CLANG_WARN_NON_LITERAL_NULL_CONVERSION = YES;
				CLANG_WARN_OBJC_LITERAL_CONVERSION = YES;
				CLANG_WARN_OBJC_ROOT_CLASS = YES_ERROR;
				CLANG_WARN_RANGE_LOOP_ANALYSIS = YES;
				CLANG_WARN_STRICT_PROTOTYPES = YES;
				CLANG_WARN_SUSPICIOUS_MOVE = YES;
				CLANG_WARN_UNGUARDED_AVAILABILITY = YES_AGGRESSIVE;
				CLANG_WARN_UNREACHABLE_CODE = YES;
				CLANG_WARN__DUPLICATE_METHOD_MATCH = YES;
				CODE_SIGN_IDENTITY = "iPhone Developer";
				COPY_PHASE_STRIP = NO;
				DEBUG_INFORMATION_FORMAT = "dwarf-with-dsym";
				ENABLE_NS_ASSERTIONS = NO;
				ENABLE_STRICT_OBJC_MSGSEND = YES;
				GCC_C_LANGUAGE_STANDARD = gnu11;
				GCC_NO_COMMON_BLOCKS = YES;
				GCC_WARN_64_TO_32_BIT_CONVERSION = YES;
				GCC_WARN_ABOUT_RETURN_TYPE = YES_ERROR;
				GCC_WARN_UNDECLARED_SELECTOR = YES;
				GCC_WARN_UNINITIALIZED_AUTOS = YES_AGGRESSIVE;
				GCC_WARN_UNUSED_FUNCTION = YES;
				GCC_WARN_UNUSED_VARIABLE = YES;
				IPHONEOS_DEPLOYMENT_TARGET = 11.1;
				MTL_ENABLE_DEBUG_INFO = NO;
				SDKROOT = iphoneos;
				SWIFT_OPTIMIZATION_LEVEL = "-Owholemodule";
				VALIDATE_PRODUCT = YES;
			};
			name = Release;
		};
		7B33755D202DD29900C91E5D /* Debug */ = {
			isa = XCBuildConfiguration;
			baseConfigurationReference = 3F69F58A2C310C859A053330 /* Pods-Social App.debug.xcconfig */;
			buildSettings = {
				ASSETCATALOG_COMPILER_APPICON_NAME = AppIcon;
				CODE_SIGN_STYLE = Automatic;
				DEVELOPMENT_TEAM = W4KZPUK79J;
				FRAMEWORK_SEARCH_PATHS = (
					"$(inherited)",
					"$(PROJECT_DIR)",
				);
				INFOPLIST_FILE = "Social App/Info.plist";
				LD_RUNPATH_SEARCH_PATHS = "$(inherited) @executable_path/Frameworks";
				PRODUCT_BUNDLE_IDENTIFIER = "com.omuhirwa.Social-App";
				PRODUCT_NAME = "$(TARGET_NAME)";
				SWIFT_VERSION = 4.0;
				TARGETED_DEVICE_FAMILY = "1,2";
			};
			name = Debug;
		};
		7B33755E202DD29900C91E5D /* Release */ = {
			isa = XCBuildConfiguration;
			baseConfigurationReference = 72D277AB898FD6EB862B6B25 /* Pods-Social App.release.xcconfig */;
			buildSettings = {
				ASSETCATALOG_COMPILER_APPICON_NAME = AppIcon;
				CODE_SIGN_STYLE = Automatic;
				DEVELOPMENT_TEAM = W4KZPUK79J;
				FRAMEWORK_SEARCH_PATHS = (
					"$(inherited)",
					"$(PROJECT_DIR)",
				);
				INFOPLIST_FILE = "Social App/Info.plist";
				LD_RUNPATH_SEARCH_PATHS = "$(inherited) @executable_path/Frameworks";
				PRODUCT_BUNDLE_IDENTIFIER = "com.omuhirwa.Social-App";
				PRODUCT_NAME = "$(TARGET_NAME)";
				SWIFT_VERSION = 4.0;
				TARGETED_DEVICE_FAMILY = "1,2";
			};
			name = Release;
		};
/* End XCBuildConfiguration section */

/* Begin XCConfigurationList section */
		7B337545202DD29900C91E5D /* Build configuration list for PBXProject "Social App" */ = {
			isa = XCConfigurationList;
			buildConfigurations = (
				7B33755A202DD29900C91E5D /* Debug */,
				7B33755B202DD29900C91E5D /* Release */,
			);
			defaultConfigurationIsVisible = 0;
			defaultConfigurationName = Release;
		};
		7B33755C202DD29900C91E5D /* Build configuration list for PBXNativeTarget "Social App" */ = {
			isa = XCConfigurationList;
			buildConfigurations = (
				7B33755D202DD29900C91E5D /* Debug */,
				7B33755E202DD29900C91E5D /* Release */,
			);
			defaultConfigurationIsVisible = 0;
			defaultConfigurationName = Release;
		};
/* End XCConfigurationList section */
	};
	rootObject = 7B337542202DD29900C91E5D /* Project object */;
}
